
Microsoft Visual Studio Solution File, Format Version 12.00
# Visual Studio Version 17
VisualStudioVersion = 17.10.35013.160
MinimumVisualStudioVersion = 10.0.40219.1
Project("{FAE04EC0-301F-11D3-BF4B-00C04F79EFBC}") = "InvestBack.ArquiteturaFIAP.Api", "InvestBack.ArquiteturaFIAP.Api.csproj", "{09E2BA26-AEA4-406C-9B6B-661578E99390}"
EndProject
Project("{9A19103F-16F7-4668-BE54-9A1E7A4F7556}") = "InvestBack.ArquiteturaFIAP.Infrastructure", "..\..\src\InvestBack.ArquiteturaFIAP.Infrastructure\InvestBack.ArquiteturaFIAP.Infrastructure.csproj", "{F66C4F68-6A58-4FCD-9FEB-6D7D0B35D7EE}"
EndProject
Project("{FAE04EC0-301F-11D3-BF4B-00C04F79EFBC}") = "InvestBack.ArquiteturaFIAP.Core", "src\InvestBack.ArquiteturaFIAP.Core\InvestBack.ArquiteturaFIAP.Core\InvestBack.ArquiteturaFIAP.Core.csproj", "{E88AB40B-2942-4E38-96EA-BB2145CD3136}"
EndProject
Project("{9A19103F-16F7-4668-BE54-9A1E7A4F7556}") = "InvestBack.ArquiteturaFIAP.Service", "..\..\src\InvestBack.ArquiteturaFIAP.Service\InvestBack.ArquiteturaFIAP.Service.csproj", "{495A8A01-1690-4C7A-802A-5737DCD4D72B}"
EndProject
Global
	GlobalSection(SolutionConfigurationPlatforms) = preSolution
		Debug|Any CPU = Debug|Any CPU
		Release|Any CPU = Release|Any CPU
	EndGlobalSection
	GlobalSection(ProjectConfigurationPlatforms) = postSolution
		{09E2BA26-AEA4-406C-9B6B-661578E99390}.Debug|Any CPU.ActiveCfg = Debug|Any CPU
		{09E2BA26-AEA4-406C-9B6B-661578E99390}.Debug|Any CPU.Build.0 = Debug|Any CPU
		{09E2BA26-AEA4-406C-9B6B-661578E99390}.Release|Any CPU.ActiveCfg = Release|Any CPU
		{09E2BA26-AEA4-406C-9B6B-661578E99390}.Release|Any CPU.Build.0 = Release|Any CPU
		{F66C4F68-6A58-4FCD-9FEB-6D7D0B35D7EE}.Debug|Any CPU.ActiveCfg = Debug|Any CPU
		{F66C4F68-6A58-4FCD-9FEB-6D7D0B35D7EE}.Debug|Any CPU.Build.0 = Debug|Any CPU
		{F66C4F68-6A58-4FCD-9FEB-6D7D0B35D7EE}.Release|Any CPU.ActiveCfg = Release|Any CPU
		{F66C4F68-6A58-4FCD-9FEB-6D7D0B35D7EE}.Release|Any CPU.Build.0 = Release|Any CPU
		{E88AB40B-2942-4E38-96EA-BB2145CD3136}.Debug|Any CPU.ActiveCfg = Debug|Any CPU
		{E88AB40B-2942-4E38-96EA-BB2145CD3136}.Debug|Any CPU.Build.0 = Debug|Any CPU
		{E88AB40B-2942-4E38-96EA-BB2145CD3136}.Release|Any CPU.ActiveCfg = Release|Any CPU
		{E88AB40B-2942-4E38-96EA-BB2145CD3136}.Release|Any CPU.Build.0 = Release|Any CPU
		{495A8A01-1690-4C7A-802A-5737DCD4D72B}.Debug|Any CPU.ActiveCfg = Debug|Any CPU
		{495A8A01-1690-4C7A-802A-5737DCD4D72B}.Debug|Any CPU.Build.0 = Debug|Any CPU
		{495A8A01-1690-4C7A-802A-5737DCD4D72B}.Release|Any CPU.ActiveCfg = Release|Any CPU
		{495A8A01-1690-4C7A-802A-5737DCD4D72B}.Release|Any CPU.Build.0 = Release|Any CPU
	EndGlobalSection
	GlobalSection(SolutionProperties) = preSolution
		HideSolutionNode = FALSE
	EndGlobalSection
	GlobalSection(ExtensibilityGlobals) = postSolution
		SolutionGuid = {E27F0C45-B89E-49C7-BF9E-33E35063B36D}
	EndGlobalSection
EndGlobal
